PODS:
  - EZAudio (1.1.5):
    - EZAudio/Full (= 1.1.5)
  - EZAudio/Core (1.1.5)
  - EZAudio/Full (1.1.5):
    - EZAudio/Core
    - TPCircularBuffer (= 1.1)
  - HappyDNS (0.3.12)
  - MJRefresh (3.1.15.1)
  - Qiniu (7.2.2):
    - HappyDNS (~> 0.3)
  - SocketRocket (0.5.1)
  - SwiftProtobuf (1.0.2)
  - TPCircularBuffer (1.1)
  - TZImagePickerController (1.9.6)
  - WCDB.swift (1.0.6):
    - WCDB.swift/sqlcipher (= 1.0.6)
  - WCDB.swift/sqlcipher (1.0.6)
  - YYKit (1.0.9):
    - YYKit/no-arc (= 1.0.9)
  - YYKit/no-arc (1.0.9)

DEPENDENCIES:
  - EZAudio (= 1.1.5)
  - MJRefresh (= 3.1.15.1)
  - Qiniu (= 7.2.2)
  - SocketRocket (= 0.5.1)
  - SwiftProtobuf (= 1.0.2)
  - TZImagePickerController (= 1.9.6)
  - WCDB.swift (from `https://github.com/Tencent/wcdb.git`, branch `dev`)
  - YYKit (= 1.0.9)

EXTERNAL SOURCES:
  WCDB.swift:
    :branch: dev
    :git: https://github.com/Tencent/wcdb.git

CHECKOUT OPTIONS:
  WCDB.swift:
    :commit: d3381f1047d62ac72c488405e42a8320888aa3fe
    :git: https://github.com/Tencent/wcdb.git

SPEC CHECKSUMS:
  EZAudio: 3b1cb4b6d7ebca68f0c2478576d75940aad4aa99
  HappyDNS: 691a3041128055d09866f86e6e9ca90f24da1f18
  MJRefresh: 5f8552bc25ca8751c010f621c1098dbdaacbccd6
  Qiniu: ef9fcc56ea11d5f31e2f1309ed3bbd98c2ac4def
  SocketRocket: d57c7159b83c3c6655745cd15302aa24b6bae531
  SwiftProtobuf: e41d205c91eac0fb46823f2561712407fefdaf4e
  TPCircularBuffer: 4960a919e667280f7f38963d771f45871b64fe62
  TZImagePickerController: 276dc7c0cc70da9ee354046474b405d87ef81c89
  WCDB.swift: fc45ca1f554df360253ecccb0ec704ee3204976d
  YYKit: 7cda43304a8dc3696c449041e2cb3107b4e236e7

PODFILE CHECKSUM: 7ac4e75081c7ee2ec425b2dd915640044c1fd37c

COCOAPODS: 1.3.1
